// !$*UTF8*$!
{
	archiveVersion = 1;
	classes = {
	};
	objectVersion = 46;
	objects = {

/* Begin PBXBuildFile section */
		BF9690C31AF578A000067FEF /* WKImageCache.swift in Sources */ = {isa = PBXBuildFile; fileRef = BF9690C21AF578A000067FEF /* WKImageCache.swift */; };
		BFC071741AE95A000093F0F0 /* AppDelegate.swift in Sources */ = {isa = PBXBuildFile; fileRef = BFC071731AE95A000093F0F0 /* AppDelegate.swift */; };
		BFC071761AE95A000093F0F0 /* ViewController.swift in Sources */ = {isa = PBXBuildFile; fileRef = BFC071751AE95A000093F0F0 /* ViewController.swift */; };
		BFC071791AE95A000093F0F0 /* Main.storyboard in Resources */ = {isa = PBXBuildFile; fileRef = BFC071771AE95A000093F0F0 /* Main.storyboard */; };
		BFC0717B1AE95A000093F0F0 /* Images.xcassets in Resources */ = {isa = PBXBuildFile; fileRef = BFC0717A1AE95A000093F0F0 /* Images.xcassets */; };
		BFC0717E1AE95A000093F0F0 /* LaunchScreen.xib in Resources */ = {isa = PBXBuildFile; fileRef = BFC0717C1AE95A000093F0F0 /* LaunchScreen.xib */; };
		BFC0719F1AE978090093F0F0 /* InterfaceController.swift in Sources */ = {isa = PBXBuildFile; fileRef = BFC0719E1AE978090093F0F0 /* InterfaceController.swift */; };
		BFC071A11AE978090093F0F0 /* Images.xcassets in Resources */ = {isa = PBXBuildFile; fileRef = BFC071A01AE978090093F0F0 /* Images.xcassets */; };
		BFC071A51AE978090093F0F0 /* WKImageCacheSample WatchKit App.app in Resources */ = {isa = PBXBuildFile; fileRef = BFC071A41AE978090093F0F0 /* WKImageCacheSample WatchKit App.app */; };
		BFC071AD1AE978090093F0F0 /* Interface.storyboard in Resources */ = {isa = PBXBuildFile; fileRef = BFC071AB1AE978090093F0F0 /* Interface.storyboard */; };
		BFC071AF1AE978090093F0F0 /* Images.xcassets in Resources */ = {isa = PBXBuildFile; fileRef = BFC071AE1AE978090093F0F0 /* Images.xcassets */; };
		BFC071B21AE978090093F0F0 /* WKImageCacheSample WatchKit Extension.appex in Embed App Extensions */ = {isa = PBXBuildFile; fileRef = BFC0719A1AE978090093F0F0 /* WKImageCacheSample WatchKit Extension.appex */; settings = {ATTRIBUTES = (RemoveHeadersOnCopy, ); }; };
/* End PBXBuildFile section */

/* Begin PBXContainerItemProxy section */
		BFC071A61AE978090093F0F0 /* PBXContainerItemProxy */ = {
			isa = PBXContainerItemProxy;
			containerPortal = BFC071661AE95A000093F0F0 /* Project object */;
			proxyType = 1;
			remoteGlobalIDString = BFC071A31AE978090093F0F0;
			remoteInfo = "WKImageCacheSample WatchKit App";
		};
		BFC071B01AE978090093F0F0 /* PBXContainerItemProxy */ = {
			isa = PBXContainerItemProxy;
			containerPortal = BFC071661AE95A000093F0F0 /* Project object */;
			proxyType = 1;
			remoteGlobalIDString = BFC071991AE978090093F0F0;
			remoteInfo = "WKImageCacheSample WatchKit Extension";
		};
/* End PBXContainerItemProxy section */

/* Begin PBXCopyFilesBuildPhase section */
		BFC071B91AE978090093F0F0 /* Embed App Extensions */ = {
			isa = PBXCopyFilesBuildPhase;
			buildActionMask = 2147483647;
			dstPath = "";
			dstSubfolderSpec = 13;
			files = (
				BFC071B21AE978090093F0F0 /* WKImageCacheSample WatchKit Extension.appex in Embed App Extensions */,
			);
			name = "Embed App Extensions";
			runOnlyForDeploymentPostprocessing = 0;
		};
/* End PBXCopyFilesBuildPhase section */

/* Begin PBXFileReference section */
		BF9690C01AF5788700067FEF /* WKImageCacheSample-Bridging-Header.h */ = {isa = PBXFileReference; fileEncoding = 4; lastKnownFileType = sourcecode.c.h; path = "WKImageCacheSample-Bridging-Header.h"; sourceTree = "<group>"; };
		BF9690C21AF578A000067FEF /* WKImageCache.swift */ = {isa = PBXFileReference; fileEncoding = 4; lastKnownFileType = sourcecode.swift; path = WKImageCache.swift; sourceTree = "<group>"; };
		BFC0716E1AE95A000093F0F0 /* WKImageCacheSample.app */ = {isa = PBXFileReference; explicitFileType = wrapper.application; includeInIndex = 0; path = WKImageCacheSample.app; sourceTree = BUILT_PRODUCTS_DIR; };
		BFC071721AE95A000093F0F0 /* Info.plist */ = {isa = PBXFileReference; lastKnownFileType = text.plist.xml; path = Info.plist; sourceTree = "<group>"; };
		BFC071731AE95A000093F0F0 /* AppDelegate.swift */ = {isa = PBXFileReference; lastKnownFileType = sourcecode.swift; path = AppDelegate.swift; sourceTree = "<group>"; };
		BFC071751AE95A000093F0F0 /* ViewController.swift */ = {isa = PBXFileReference; lastKnownFileType = sourcecode.swift; path = ViewController.swift; sourceTree = "<group>"; };
		BFC071781AE95A000093F0F0 /* Base */ = {isa = PBXFileReference; lastKnownFileType = file.storyboard; name = Base; path = Base.lproj/Main.storyboard; sourceTree = "<group>"; };
		BFC0717A1AE95A000093F0F0 /* Images.xcassets */ = {isa = PBXFileReference; lastKnownFileType = folder.assetcatalog; path = Images.xcassets; sourceTree = "<group>"; };
		BFC0717D1AE95A000093F0F0 /* Base */ = {isa = PBXFileReference; lastKnownFileType = file.xib; name = Base; path = Base.lproj/LaunchScreen.xib; sourceTree = "<group>"; };
		BFC0719A1AE978090093F0F0 /* WKImageCacheSample WatchKit Extension.appex */ = {isa = PBXFileReference; explicitFileType = "wrapper.app-extension"; includeInIndex = 0; path = "WKImageCacheSample WatchKit Extension.appex"; sourceTree = BUILT_PRODUCTS_DIR; };
		BFC0719D1AE978090093F0F0 /* Info.plist */ = {isa = PBXFileReference; lastKnownFileType = text.plist.xml; path = Info.plist; sourceTree = "<group>"; };
		BFC0719E1AE978090093F0F0 /* InterfaceController.swift */ = {isa = PBXFileReference; lastKnownFileType = sourcecode.swift; path = InterfaceController.swift; sourceTree = "<group>"; };
		BFC071A01AE978090093F0F0 /* Images.xcassets */ = {isa = PBXFileReference; lastKnownFileType = folder.assetcatalog; path = Images.xcassets; sourceTree = "<group>"; };
		BFC071A41AE978090093F0F0 /* WKImageCacheSample WatchKit App.app */ = {isa = PBXFileReference; explicitFileType = wrapper.application; includeInIndex = 0; path = "WKImageCacheSample WatchKit App.app"; sourceTree = BUILT_PRODUCTS_DIR; };
		BFC071AA1AE978090093F0F0 /* Info.plist */ = {isa = PBXFileReference; lastKnownFileType = text.plist.xml; path = Info.plist; sourceTree = "<group>"; };
		BFC071AC1AE978090093F0F0 /* Base */ = {isa = PBXFileReference; lastKnownFileType = file.storyboard; name = Base; path = Base.lproj/Interface.storyboard; sourceTree = "<group>"; };
		BFC071AE1AE978090093F0F0 /* Images.xcassets */ = {isa = PBXFileReference; lastKnownFileType = folder.assetcatalog; path = Images.xcassets; sourceTree = "<group>"; };
/* End PBXFileReference section */

/* Begin PBXFrameworksBuildPhase section */
		BFC0716B1AE95A000093F0F0 /* Frameworks */ = {
			isa = PBXFrameworksBuildPhase;
			buildActionMask = 2147483647;
			files = (
			);
			runOnlyForDeploymentPostprocessing = 0;
		};
		BFC071971AE978090093F0F0 /* Frameworks */ = {
			isa = PBXFrameworksBuildPhase;
			buildActionMask = 2147483647;
			files = (
			);
			runOnlyForDeploymentPostprocessing = 0;
		};
/* End PBXFrameworksBuildPhase section */

/* Begin PBXGroup section */
		BF9690C11AF578A000067FEF /* WKImageCache */ = {
			isa = PBXGroup;
			children = (
				BF9690C21AF578A000067FEF /* WKImageCache.swift */,
			);
			name = WKImageCache;
			path = ../WKImageCache;
			sourceTree = "<group>";
		};
		BFC071651AE95A000093F0F0 = {
			isa = PBXGroup;
			children = (
				BF9690C11AF578A000067FEF /* WKImageCache */,
				BFC0719B1AE978090093F0F0 /* WKImageCacheSample WatchKit Extension */,
				BFC071A81AE978090093F0F0 /* WKImageCacheSample WatchKit App */,
				BFC071701AE95A000093F0F0 /* WKImageCacheSample */,
				BFC0716F1AE95A000093F0F0 /* Products */,
			);
			sourceTree = "<group>";
		};
		BFC0716F1AE95A000093F0F0 /* Products */ = {
			isa = PBXGroup;
			children = (
				BFC0716E1AE95A000093F0F0 /* WKImageCacheSample.app */,
				BFC0719A1AE978090093F0F0 /* WKImageCacheSample WatchKit Extension.appex */,
				BFC071A41AE978090093F0F0 /* WKImageCacheSample WatchKit App.app */,
			);
			name = Products;
			sourceTree = "<group>";
		};
		BFC071701AE95A000093F0F0 /* WKImageCacheSample */ = {
			isa = PBXGroup;
			children = (
				BFC071731AE95A000093F0F0 /* AppDelegate.swift */,
				BFC071751AE95A000093F0F0 /* ViewController.swift */,
				BFC071771AE95A000093F0F0 /* Main.storyboard */,
				BFC0717A1AE95A000093F0F0 /* Images.xcassets */,
				BFC0717C1AE95A000093F0F0 /* LaunchScreen.xib */,
				BFC071711AE95A000093F0F0 /* Supporting Files */,
			);
			path = WKImageCacheSample;
			sourceTree = "<group>";
		};
		BFC071711AE95A000093F0F0 /* Supporting Files */ = {
			isa = PBXGroup;
			children = (
				BFC071721AE95A000093F0F0 /* Info.plist */,
			);
			name = "Supporting Files";
			sourceTree = "<group>";
		};
		BFC0719B1AE978090093F0F0 /* WKImageCacheSample WatchKit Extension */ = {
			isa = PBXGroup;
			children = (
				BF9690C01AF5788700067FEF /* WKImageCacheSample-Bridging-Header.h */,
				BFC0719E1AE978090093F0F0 /* InterfaceController.swift */,
				BFC071A01AE978090093F0F0 /* Images.xcassets */,
				BFC0719C1AE978090093F0F0 /* Supporting Files */,
			);
			path = "WKImageCacheSample WatchKit Extension";
			sourceTree = "<group>";
		};
		BFC0719C1AE978090093F0F0 /* Supporting Files */ = {
			isa = PBXGroup;
			children = (
				BFC0719D1AE978090093F0F0 /* Info.plist */,
			);
			name = "Supporting Files";
			sourceTree = "<group>";
		};
		BFC071A81AE978090093F0F0 /* WKImageCacheSample WatchKit App */ = {
			isa = PBXGroup;
			children = (
				BFC071AB1AE978090093F0F0 /* Interface.storyboard */,
				BFC071AE1AE978090093F0F0 /* Images.xcassets */,
				BFC071A91AE978090093F0F0 /* Supporting Files */,
			);
			path = "WKImageCacheSample WatchKit App";
			sourceTree = "<group>";
		};
		BFC071A91AE978090093F0F0 /* Supporting Files */ = {
			isa = PBXGroup;
			children = (
				BFC071AA1AE978090093F0F0 /* Info.plist */,
			);
			name = "Supporting Files";
			sourceTree = "<group>";
		};
/* End PBXGroup section */

/* Begin PBXNativeTarget section */
		BFC0716D1AE95A000093F0F0 /* WKImageCacheSample */ = {
			isa = PBXNativeTarget;
			buildConfigurationList = BFC0718D1AE95A000093F0F0 /* Build configuration list for PBXNativeTarget "WKImageCacheSample" */;
			buildPhases = (
				BFC0716A1AE95A000093F0F0 /* Sources */,
				BFC0716B1AE95A000093F0F0 /* Frameworks */,
				BFC0716C1AE95A000093F0F0 /* Resources */,
				BFC071B91AE978090093F0F0 /* Embed App Extensions */,
			);
			buildRules = (
			);
			dependencies = (
				BFC071B11AE978090093F0F0 /* PBXTargetDependency */,
			);
			name = WKImageCacheSample;
			productName = WKImageCacheSample;
			productReference = BFC0716E1AE95A000093F0F0 /* WKImageCacheSample.app */;
			productType = "com.apple.product-type.application";
		};
		BFC071991AE978090093F0F0 /* WKImageCacheSample WatchKit Extension */ = {
			isa = PBXNativeTarget;
			buildConfigurationList = BFC071B61AE978090093F0F0 /* Build configuration list for PBXNativeTarget "WKImageCacheSample WatchKit Extension" */;
			buildPhases = (
				BFC071961AE978090093F0F0 /* Sources */,
				BFC071971AE978090093F0F0 /* Frameworks */,
				BFC071981AE978090093F0F0 /* Resources */,
			);
			buildRules = (
			);
			dependencies = (
				BFC071A71AE978090093F0F0 /* PBXTargetDependency */,
			);
			name = "WKImageCacheSample WatchKit Extension";
			productName = "WKImageCacheSample WatchKit Extension";
			productReference = BFC0719A1AE978090093F0F0 /* WKImageCacheSample WatchKit Extension.appex */;
			productType = "com.apple.product-type.watchkit-extension";
		};
		BFC071A31AE978090093F0F0 /* WKImageCacheSample WatchKit App */ = {
			isa = PBXNativeTarget;
			buildConfigurationList = BFC071B31AE978090093F0F0 /* Build configuration list for PBXNativeTarget "WKImageCacheSample WatchKit App" */;
			buildPhases = (
				BFC071A21AE978090093F0F0 /* Resources */,
			);
			buildRules = (
			);
			dependencies = (
			);
			name = "WKImageCacheSample WatchKit App";
			productName = "WKImageCacheSample WatchKit App";
			productReference = BFC071A41AE978090093F0F0 /* WKImageCacheSample WatchKit App.app */;
			productType = "com.apple.product-type.application.watchapp";
		};
/* End PBXNativeTarget section */

/* Begin PBXProject section */
		BFC071661AE95A000093F0F0 /* Project object */ = {
			isa = PBXProject;
			attributes = {
				LastUpgradeCheck = 0630;
				ORGANIZATIONNAME = "Mathias Koehnke";
				TargetAttributes = {
					BFC0716D1AE95A000093F0F0 = {
						CreatedOnToolsVersion = 6.3.1;
					};
					BFC071991AE978090093F0F0 = {
						CreatedOnToolsVersion = 6.3.1;
					};
					BFC071A31AE978090093F0F0 = {
						CreatedOnToolsVersion = 6.3.1;
					};
				};
			};
			buildConfigurationList = BFC071691AE95A000093F0F0 /* Build configuration list for PBXProject "WKImageCacheSample" */;
			compatibilityVersion = "Xcode 3.2";
			developmentRegion = English;
			hasScannedForEncodings = 0;
			knownRegions = (
				en,
				Base,
			);
			mainGroup = BFC071651AE95A000093F0F0;
			productRefGroup = BFC0716F1AE95A000093F0F0 /* Products */;
			projectDirPath = "";
			projectRoot = "";
			targets = (
				BFC0716D1AE95A000093F0F0 /* WKImageCacheSample */,
				BFC071991AE978090093F0F0 /* WKImageCacheSample WatchKit Extension */,
				BFC071A31AE978090093F0F0 /* WKImageCacheSample WatchKit App */,
			);
		};
/* End PBXProject section */

/* Begin PBXResourcesBuildPhase section */
		BFC0716C1AE95A000093F0F0 /* Resources */ = {
			isa = PBXResourcesBuildPhase;
			buildActionMask = 2147483647;
			files = (
				BFC071791AE95A000093F0F0 /* Main.storyboard in Resources */,
				BFC0717E1AE95A000093F0F0 /* LaunchScreen.xib in Resources */,
				BFC0717B1AE95A000093F0F0 /* Images.xcassets in Resources */,
			);
			runOnlyForDeploymentPostprocessing = 0;
		};
		BFC071981AE978090093F0F0 /* Resources */ = {
			isa = PBXResourcesBuildPhase;
			buildActionMask = 2147483647;
			files = (
				BFC071A11AE978090093F0F0 /* Images.xcassets in Resources */,
				BFC071A51AE978090093F0F0 /* WKImageCacheSample WatchKit App.app in Resources */,
			);
			runOnlyForDeploymentPostprocessing = 0;
		};
		BFC071A21AE978090093F0F0 /* Resources */ = {
			isa = PBXResourcesBuildPhase;
			buildActionMask = 2147483647;
			files = (
				BFC071AD1AE978090093F0F0 /* Interface.storyboard in Resources */,
				BFC071AF1AE978090093F0F0 /* Images.xcassets in Resources */,
			);
			runOnlyForDeploymentPostprocessing = 0;
		};
/* End PBXResourcesBuildPhase section */

/* Begin PBXSourcesBuildPhase section */
		BFC0716A1AE95A000093F0F0 /* Sources */ = {
			isa = PBXSourcesBuildPhase;
			buildActionMask = 2147483647;
			files = (
				BFC071761AE95A000093F0F0 /* ViewController.swift in Sources */,
				BFC071741AE95A000093F0F0 /* AppDelegate.swift in Sources */,
			);
			runOnlyForDeploymentPostprocessing = 0;
		};
		BFC071961AE978090093F0F0 /* Sources */ = {
			isa = PBXSourcesBuildPhase;
			buildActionMask = 2147483647;
			files = (
				BF9690C31AF578A000067FEF /* WKImageCache.swift in Sources */,
				BFC0719F1AE978090093F0F0 /* InterfaceController.swift in Sources */,
			);
			runOnlyForDeploymentPostprocessing = 0;
		};
/* End PBXSourcesBuildPhase section */

/* Begin PBXTargetDependency section */
		BFC071A71AE978090093F0F0 /* PBXTargetDependency */ = {
			isa = PBXTargetDependency;
			target = BFC071A31AE978090093F0F0 /* WKImageCacheSample WatchKit App */;
			targetProxy = BFC071A61AE978090093F0F0 /* PBXContainerItemProxy */;
		};
		BFC071B11AE978090093F0F0 /* PBXTargetDependency */ = {
			isa = PBXTargetDependency;
			target = BFC071991AE978090093F0F0 /* WKImageCacheSample WatchKit Extension */;
			targetProxy = BFC071B01AE978090093F0F0 /* PBXContainerItemProxy */;
		};
/* End PBXTargetDependency section */

/* Begin PBXVariantGroup section */
		BFC071771AE95A000093F0F0 /* Main.storyboard */ = {
			isa = PBXVariantGroup;
			children = (
				BFC071781AE95A000093F0F0 /* Base */,
			);
			name = Main.storyboard;
			sourceTree = "<group>";
		};
		BFC0717C1AE95A000093F0F0 /* LaunchScreen.xib */ = {
			isa = PBXVariantGroup;
			children = (
				BFC0717D1AE95A000093F0F0 /* Base */,
			);
			name = LaunchScreen.xib;
			sourceTree = "<group>";
		};
		BFC071AB1AE978090093F0F0 /* Interface.storyboard */ = {
			isa = PBXVariantGroup;
			children = (
				BFC071AC1AE978090093F0F0 /* Base */,
			);
			name = Interface.storyboard;
			sourceTree = "<group>";
		};
/* End PBXVariantGroup section */

/* Begin XCBuildConfiguration section */
		BFC0718B1AE95A000093F0F0 /* Debug */ = {
			isa = XCBuildConfiguration;
			buildSettings = {
				ALWAYS_SEARCH_USER_PATHS = NO;
				CLANG_CXX_LANGUAGE_STANDARD = "gnu++0x";
				CLANG_CXX_LIBRARY = "libc++";
				CLANG_ENABLE_MODULES = YES;
				CLANG_ENABLE_OBJC_ARC = YES;
				CLANG_WARN_BOOL_CONVERSION = YES;
				CLANG_WARN_CONSTANT_CONVERSION = YES;
				CLANG_WARN_DIRECT_OBJC_ISA_USAGE = YES_ERROR;
				CLANG_WARN_EMPTY_BODY = YES;
				CLANG_WARN_ENUM_CONVERSION = YES;
				CLANG_WARN_INT_CONVERSION = YES;
				CLANG_WARN_OBJC_ROOT_CLASS = YES_ERROR;
				CLANG_WARN_UNREACHABLE_CODE = YES;
				CLANG_WARN__DUPLICATE_METHOD_MATCH = YES;
				"CODE_SIGN_IDENTITY[sdk=iphoneos*]" = "iPhone Developer";
				COPY_PHASE_STRIP = NO;
				DEBUG_INFORMATION_FORMAT = "dwarf-with-dsym";
				ENABLE_STRICT_OBJC_MSGSEND = YES;
				GCC_C_LANGUAGE_STANDARD = gnu99;
				GCC_DYNAMIC_NO_PIC = NO;
				GCC_NO_COMMON_BLOCKS = YES;
				GCC_OPTIMIZATION_LEVEL = 0;
				GCC_PREPROCESSOR_DEFINITIONS = (
					"DEBUG=1",
					"$(inherited)",
				);
				GCC_SYMBOLS_PRIVATE_EXTERN = NO;
				GCC_WARN_64_TO_32_BIT_CONVERSION = YES;
				GCC_WARN_ABOUT_RETURN_TYPE = YES_ERROR;
				GCC_WARN_UNDECLARED_SELECTOR = YES;
				GCC_WARN_UNINITIALIZED_AUTOS = YES_AGGRESSIVE;
				GCC_WARN_UNUSED_FUNCTION = YES;
				GCC_WARN_UNUSED_VARIABLE = YES;
				IPHONEOS_DEPLOYMENT_TARGET = 8.3;
				MTL_ENABLE_DEBUG_INFO = YES;
				ONLY_ACTIVE_ARCH = YES;
				OTHER_SWIFT_FLAGS = "-D DEBUG";
				SDKROOT = iphoneos;
				SWIFT_OPTIMIZATION_LEVEL = "-Onone";
			};
			name = Debug;
		};
		BFC0718C1AE95A000093F0F0 /* Release */ = {
			isa = XCBuildConfiguration;
			buildSettings = {
				ALWAYS_SEARCH_USER_PATHS = NO;
				CLANG_CXX_LANGUAGE_STANDARD = "gnu++0x";
				CLANG_CXX_LIBRARY = "libc++";
				CLANG_ENABLE_MODULES = YES;
				CLANG_ENABLE_OBJC_ARC = YES;
				CLANG_WARN_BOOL_CONVERSION = YES;
				CLANG_WARN_CONSTANT_CONVERSION = YES;
				CLANG_WARN_DIRECT_OBJC_ISA_USAGE = YES_ERROR;
				CLANG_WARN_EMPTY_BODY = YES;
				CLANG_WARN_ENUM_CONVERSION = YES;
				CLANG_WARN_INT_CONVERSION = YES;
				CLANG_WARN_OBJC_ROOT_CLASS = YES_ERROR;
				CLANG_WARN_UNREACHABLE_CODE = YES;
				CLANG_WARN__DUPLICATE_METHOD_MATCH = YES;
				"CODE_SIGN_IDENTITY[sdk=iphoneos*]" = "iPhone Developer";
				COPY_PHASE_STRIP = NO;
				DEBUG_INFORMATION_FORMAT = "dwarf-with-dsym";
				ENABLE_NS_ASSERTIONS = NO;
				ENABLE_STRICT_OBJC_MSGSEND = YES;
				GCC_C_LANGUAGE_STANDARD = gnu99;
				GCC_NO_COMMON_BLOCKS = YES;
				GCC_WARN_64_TO_32_BIT_CONVERSION = YES;
				GCC_WARN_ABOUT_RETURN_TYPE = YES_ERROR;
				GCC_WARN_UNDECLARED_SELECTOR = YES;
				GCC_WARN_UNINITIALIZED_AUTOS = YES_AGGRESSIVE;
				GCC_WARN_UNUSED_FUNCTION = YES;
				GCC_WARN_UNUSED_VARIABLE = YES;
				IPHONEOS_DEPLOYMENT_TARGET = 8.3;
				MTL_ENABLE_DEBUG_INFO = NO;
				SDKROOT = iphoneos;
				VALIDATE_PRODUCT = YES;
			};
			name = Release;
		};
		BFC0718E1AE95A000093F0F0 /* Debug */ = {
			isa = XCBuildConfiguration;
			buildSettings = {
				ASSETCATALOG_COMPILER_APPICON_NAME = AppIcon;
				INFOPLIST_FILE = WKImageCacheSample/Info.plist;
				LD_RUNPATH_SEARCH_PATHS = "$(inherited) @executable_path/Frameworks";
				PRODUCT_NAME = "$(TARGET_NAME)";
				SWIFT_OBJC_BRIDGING_HEADER = "";
			};
			name = Debug;
		};
		BFC0718F1AE95A000093F0F0 /* Release */ = {
			isa = XCBuildConfiguration;
			buildSettings = {
				ASSETCATALOG_COMPILER_APPICON_NAME = AppIcon;
				INFOPLIST_FILE = WKImageCacheSample/Info.plist;
				LD_RUNPATH_SEARCH_PATHS = "$(inherited) @executable_path/Frameworks";
				PRODUCT_NAME = "$(TARGET_NAME)";
				SWIFT_OBJC_BRIDGING_HEADER = "";
			};
			name = Release;
		};
		BFC071B41AE978090093F0F0 /* Debug */ = {
			isa = XCBuildConfiguration;
			buildSettings = {
				ASSETCATALOG_COMPILER_APPICON_NAME = AppIcon;
				GCC_PREPROCESSOR_DEFINITIONS = (
					"DEBUG=1",
					"$(inherited)",
				);
				IBSC_MODULE = WKImageCacheSample_WatchKit_Extension;
				INFOPLIST_FILE = "WKImageCacheSample WatchKit App/Info.plist";
				IPHONEOS_DEPLOYMENT_TARGET = 8.2;
				PRODUCT_NAME = "$(TARGET_NAME)";
				SKIP_INSTALL = YES;
				TARGETED_DEVICE_FAMILY = 4;
				"TARGETED_DEVICE_FAMILY[sdk=iphonesimulator*]" = "1,4";
			};
			name = Debug;
		};
		BFC071B51AE978090093F0F0 /* Release */ = {
			isa = XCBuildConfiguration;
			buildSettings = {
				ASSETCATALOG_COMPILER_APPICON_NAME = AppIcon;
				IBSC_MODULE = WKImageCacheSample_WatchKit_Extension;
				INFOPLIST_FILE = "WKImageCacheSample WatchKit App/Info.plist";
				IPHONEOS_DEPLOYMENT_TARGET = 8.2;
				PRODUCT_NAME = "$(TARGET_NAME)";
				SKIP_INSTALL = YES;
				TARGETED_DEVICE_FAMILY = 4;
				"TARGETED_DEVICE_FAMILY[sdk=iphonesimulator*]" = "1,4";
			};
			name = Release;
		};
		BFC071B71AE978090093F0F0 /* Debug */ = {
			isa = XCBuildConfiguration;
			buildSettings = {
				GCC_PREPROCESSOR_DEFINITIONS = (
					"DEBUG=1",
					"$(inherited)",
				);
				INFOPLIST_FILE = "WKImageCacheSample WatchKit Extension/Info.plist";
				LD_RUNPATH_SEARCH_PATHS = "$(inherited) @executable_path/Frameworks @executable_path/../../Frameworks";
				PRODUCT_NAME = "${TARGET_NAME}";
				SKIP_INSTALL = YES;
				SWIFT_OBJC_BRIDGING_HEADER = "WKImageCacheSample WatchKit Extension/WKImageCacheSample-Bridging-Header.h";
			};
			name = Debug;
		};
		BFC071B81AE978090093F0F0 /* Release */ = {
			isa = XCBuildConfiguration;
			buildSettings = {
				INFOPLIST_FILE = "WKImageCacheSample WatchKit Extension/Info.plist";
				LD_RUNPATH_SEARCH_PATHS = "$(inherited) @executable_path/Frameworks @executable_path/../../Frameworks";
				PRODUCT_NAME = "${TARGET_NAME}";
				SKIP_INSTALL = YES;
				SWIFT_OBJC_BRIDGING_HEADER = "WKImageCacheSample WatchKit Extension/WKImageCacheSample-Bridging-Header.h";
			};
			name = Release;
		};
/* End XCBuildConfiguration section */

/* Begin XCConfigurationList section */
		BFC071691AE95A000093F0F0 /* Build configuration list for PBXProject "WKImageCacheSample" */ = {
			isa = XCConfigurationList;
			buildConfigurations = (
				BFC0718B1AE95A000093F0F0 /* Debug */,
				BFC0718C1AE95A000093F0F0 /* Release */,
			);
			defaultConfigurationIsVisible = 0;
			defaultConfigurationName = Release;
		};
		BFC0718D1AE95A000093F0F0 /* Build configuration list for PBXNativeTarget "WKImageCacheSample" */ = {
			isa = XCConfigurationList;
			buildConfigurations = (
				BFC0718E1AE95A000093F0F0 /* Debug */,
				BFC0718F1AE95A000093F0F0 /* Release */,
			);
			defaultConfigurationIsVisible = 0;
			defaultConfigurationName = Release;
		};
		BFC071B31AE978090093F0F0 /* Build configuration list for PBXNativeTarget "WKImageCacheSample WatchKit App" */ = {
			isa = XCConfigurationList;
			buildConfigurations = (
				BFC071B41AE978090093F0F0 /* Debug */,
				BFC071B51AE978090093F0F0 /* Release */,
			);
			defaultConfigurationIsVisible = 0;
			defaultConfigurationName = Release;
		};
		BFC071B61AE978090093F0F0 /* Build configuration list for PBXNativeTarget "WKImageCacheSample WatchKit Extension" */ = {
			isa = XCConfigurationList;
			buildConfigurations = (
				BFC071B71AE978090093F0F0 /* Debug */,
				BFC071B81AE978090093F0F0 /* Release */,
			);
			defaultConfigurationIsVisible = 0;
			defaultConfigurationName = Release;
		};
/* End XCConfigurationList section */
	};
	rootObject = BFC071661AE95A000093F0F0 /* Project object */;
}
