// !$*UTF8*$!
{
	archiveVersion = 1;
	classes = {
	};
	objectVersion = 46;
	objects = {

/* Begin PBXBuildFile section */
		BFC071741AE95A000093F0F0 /* AppDelegate.swift in Sources */ = {isa = PBXBuildFile; fileRef = BFC071731AE95A000093F0F0 /* AppDelegate.swift */; };
		BFC071761AE95A000093F0F0 /* ViewController.swift in Sources */ = {isa = PBXBuildFile; fileRef = BFC071751AE95A000093F0F0 /* ViewController.swift */; };
		BFC071791AE95A000093F0F0 /* Main.storyboard in Resources */ = {isa = PBXBuildFile; fileRef = BFC071771AE95A000093F0F0 /* Main.storyboard */; };
		BFC0717B1AE95A000093F0F0 /* Images.xcassets in Resources */ = {isa = PBXBuildFile; fileRef = BFC0717A1AE95A000093F0F0 /* Images.xcassets */; };
		BFC0717E1AE95A000093F0F0 /* LaunchScreen.xib in Resources */ = {isa = PBXBuildFile; fileRef = BFC0717C1AE95A000093F0F0 /* LaunchScreen.xib */; };
		BFC0718A1AE95A000093F0F0 /* WKImageCacheSampleTests.swift in Sources */ = {isa = PBXBuildFile; fileRef = BFC071891AE95A000093F0F0 /* WKImageCacheSampleTests.swift */; };
/* End PBXBuildFile section */

/* Begin PBXContainerItemProxy section */
		BFC071841AE95A000093F0F0 /* PBXContainerItemProxy */ = {
			isa = PBXContainerItemProxy;
			containerPortal = BFC071661AE95A000093F0F0 /* Project object */;
			proxyType = 1;
			remoteGlobalIDString = BFC0716D1AE95A000093F0F0;
			remoteInfo = WKImageCacheSample;
		};
/* End PBXContainerItemProxy section */

/* Begin PBXFileReference section */
		BFC0716E1AE95A000093F0F0 /* WKImageCacheSample.app */ = {isa = PBXFileReference; explicitFileType = wrapper.application; includeInIndex = 0; path = WKImageCacheSample.app; sourceTree = BUILT_PRODUCTS_DIR; };
		BFC071721AE95A000093F0F0 /* Info.plist */ = {isa = PBXFileReference; lastKnownFileType = text.plist.xml; path = Info.plist; sourceTree = "<group>"; };
		BFC071731AE95A000093F0F0 /* AppDelegate.swift */ = {isa = PBXFileReference; lastKnownFileType = sourcecode.swift; path = AppDelegate.swift; sourceTree = "<group>"; };
		BFC071751AE95A000093F0F0 /* ViewController.swift */ = {isa = PBXFileReference; lastKnownFileType = sourcecode.swift; path = ViewController.swift; sourceTree = "<group>"; };
		BFC071781AE95A000093F0F0 /* Base */ = {isa = PBXFileReference; lastKnownFileType = file.storyboard; name = Base; path = Base.lproj/Main.storyboard; sourceTree = "<group>"; };
		BFC0717A1AE95A000093F0F0 /* Images.xcassets */ = {isa = PBXFileReference; lastKnownFileType = folder.assetcatalog; path = Images.xcassets; sourceTree = "<group>"; };
		BFC0717D1AE95A000093F0F0 /* Base */ = {isa = PBXFileReference; lastKnownFileType = file.xib; name = Base; path = Base.lproj/LaunchScreen.xib; sourceTree = "<group>"; };
		BFC071831AE95A000093F0F0 /* WKImageCacheSampleTests.xctest */ = {isa = PBXFileReference; explicitFileType = wrapper.cfbundle; includeInIndex = 0; path = WKImageCacheSampleTests.xctest; sourceTree = BUILT_PRODUCTS_DIR; };
		BFC071881AE95A000093F0F0 /* Info.plist */ = {isa = PBXFileReference; lastKnownFileType = text.plist.xml; path = Info.plist; sourceTree = "<group>"; };
		BFC071891AE95A000093F0F0 /* WKImageCacheSampleTests.swift */ = {isa = PBXFileReference; lastKnownFileType = sourcecode.swift; path = WKImageCacheSampleTests.swift; sourceTree = "<group>"; };
/* End PBXFileReference section */

/* Begin PBXFrameworksBuildPhase section */
		BFC0716B1AE95A000093F0F0 /* Frameworks */ = {
			isa = PBXFrameworksBuildPhase;
			buildActionMask = 2147483647;
			files = (
			);
			runOnlyForDeploymentPostprocessing = 0;
		};
		BFC071801AE95A000093F0F0 /* Frameworks */ = {
			isa = PBXFrameworksBuildPhase;
			buildActionMask = 2147483647;
			files = (
			);
			runOnlyForDeploymentPostprocessing = 0;
		};
/* End PBXFrameworksBuildPhase section */

/* Begin PBXGroup section */
		BFC071651AE95A000093F0F0 = {
			isa = PBXGroup;
			children = (
				BFC071701AE95A000093F0F0 /* WKImageCacheSample */,
				BFC071861AE95A000093F0F0 /* WKImageCacheSampleTests */,
				BFC0716F1AE95A000093F0F0 /* Products */,
			);
			sourceTree = "<group>";
		};
		BFC0716F1AE95A000093F0F0 /* Products */ = {
			isa = PBXGroup;
			children = (
				BFC0716E1AE95A000093F0F0 /* WKImageCacheSample.app */,
				BFC071831AE95A000093F0F0 /* WKImageCacheSampleTests.xctest */,
			);
			name = Products;
			sourceTree = "<group>";
		};
		BFC071701AE95A000093F0F0 /* WKImageCacheSample */ = {
			isa = PBXGroup;
			children = (
				BFC071731AE95A000093F0F0 /* AppDelegate.swift */,
				BFC071751AE95A000093F0F0 /* ViewController.swift */,
				BFC071771AE95A000093F0F0 /* Main.storyboard */,
				BFC0717A1AE95A000093F0F0 /* Images.xcassets */,
				BFC0717C1AE95A000093F0F0 /* LaunchScreen.xib */,
				BFC071711AE95A000093F0F0 /* Supporting Files */,
			);
			path = WKImageCacheSample;
			sourceTree = "<group>";
		};
		BFC071711AE95A000093F0F0 /* Supporting Files */ = {
			isa = PBXGroup;
			children = (
				BFC071721AE95A000093F0F0 /* Info.plist */,
			);
			name = "Supporting Files";
			sourceTree = "<group>";
		};
		BFC071861AE95A000093F0F0 /* WKImageCacheSampleTests */ = {
			isa = PBXGroup;
			children = (
				BFC071891AE95A000093F0F0 /* WKImageCacheSampleTests.swift */,
				BFC071871AE95A000093F0F0 /* Supporting Files */,
			);
			path = WKImageCacheSampleTests;
			sourceTree = "<group>";
		};
		BFC071871AE95A000093F0F0 /* Supporting Files */ = {
			isa = PBXGroup;
			children = (
				BFC071881AE95A000093F0F0 /* Info.plist */,
			);
			name = "Supporting Files";
			sourceTree = "<group>";
		};
/* End PBXGroup section */

/* Begin PBXNativeTarget section */
		BFC0716D1AE95A000093F0F0 /* WKImageCacheSample */ = {
			isa = PBXNativeTarget;
			buildConfigurationList = BFC0718D1AE95A000093F0F0 /* Build configuration list for PBXNativeTarget "WKImageCacheSample" */;
			buildPhases = (
				BFC0716A1AE95A000093F0F0 /* Sources */,
				BFC0716B1AE95A000093F0F0 /* Frameworks */,
				BFC0716C1AE95A000093F0F0 /* Resources */,
			);
			buildRules = (
			);
			dependencies = (
			);
			name = WKImageCacheSample;
			productName = WKImageCacheSample;
			productReference = BFC0716E1AE95A000093F0F0 /* WKImageCacheSample.app */;
			productType = "com.apple.product-type.application";
		};
		BFC071821AE95A000093F0F0 /* WKImageCacheSampleTests */ = {
			isa = PBXNativeTarget;
			buildConfigurationList = BFC071901AE95A000093F0F0 /* Build configuration list for PBXNativeTarget "WKImageCacheSampleTests" */;
			buildPhases = (
				BFC0717F1AE95A000093F0F0 /* Sources */,
				BFC071801AE95A000093F0F0 /* Frameworks */,
				BFC071811AE95A000093F0F0 /* Resources */,
			);
			buildRules = (
			);
			dependencies = (
				BFC071851AE95A000093F0F0 /* PBXTargetDependency */,
			);
			name = WKImageCacheSampleTests;
			productName = WKImageCacheSampleTests;
			productReference = BFC071831AE95A000093F0F0 /* WKImageCacheSampleTests.xctest */;
			productType = "com.apple.product-type.bundle.unit-test";
		};
/* End PBXNativeTarget section */

/* Begin PBXProject section */
		BFC071661AE95A000093F0F0 /* Project object */ = {
			isa = PBXProject;
			attributes = {
				LastUpgradeCheck = 0630;
				ORGANIZATIONNAME = "Mathias Koehnke";
				TargetAttributes = {
					BFC0716D1AE95A000093F0F0 = {
						CreatedOnToolsVersion = 6.3.1;
					};
					BFC071821AE95A000093F0F0 = {
						CreatedOnToolsVersion = 6.3.1;
						TestTargetID = BFC0716D1AE95A000093F0F0;
					};
				};
			};
			buildConfigurationList = BFC071691AE95A000093F0F0 /* Build configuration list for PBXProject "WKImageCacheSample" */;
			compatibilityVersion = "Xcode 3.2";
			developmentRegion = English;
			hasScannedForEncodings = 0;
			knownRegions = (
				en,
				Base,
			);
			mainGroup = BFC071651AE95A000093F0F0;
			productRefGroup = BFC0716F1AE95A000093F0F0 /* Products */;
			projectDirPath = "";
			projectRoot = "";
			targets = (
				BFC0716D1AE95A000093F0F0 /* WKImageCacheSample */,
				BFC071821AE95A000093F0F0 /* WKImageCacheSampleTests */,
			);
		};
/* End PBXProject section */

/* Begin PBXResourcesBuildPhase section */
		BFC0716C1AE95A000093F0F0 /* Resources */ = {
			isa = PBXResourcesBuildPhase;
			buildActionMask = 2147483647;
			files = (
				BFC071791AE95A000093F0F0 /* Main.storyboard in Resources */,
				BFC0717E1AE95A000093F0F0 /* LaunchScreen.xib in Resources */,
				BFC0717B1AE95A000093F0F0 /* Images.xcassets in Resources */,
			);
			runOnlyForDeploymentPostprocessing = 0;
		};
		BFC071811AE95A000093F0F0 /* Resources */ = {
			isa = PBXResourcesBuildPhase;
			buildActionMask = 2147483647;
			files = (
			);
			runOnlyForDeploymentPostprocessing = 0;
		};
/* End PBXResourcesBuildPhase section */

/* Begin PBXSourcesBuildPhase section */
		BFC0716A1AE95A000093F0F0 /* Sources */ = {
			isa = PBXSourcesBuildPhase;
			buildActionMask = 2147483647;
			files = (
				BFC071761AE95A000093F0F0 /* ViewController.swift in Sources */,
				BFC071741AE95A000093F0F0 /* AppDelegate.swift in Sources */,
			);
			runOnlyForDeploymentPostprocessing = 0;
		};
		BFC0717F1AE95A000093F0F0 /* Sources */ = {
			isa = PBXSourcesBuildPhase;
			buildActionMask = 2147483647;
			files = (
				BFC0718A1AE95A000093F0F0 /* WKImageCacheSampleTests.swift in Sources */,
			);
			runOnlyForDeploymentPostprocessing = 0;
		};
/* End PBXSourcesBuildPhase section */

/* Begin PBXTargetDependency section */
		BFC071851AE95A000093F0F0 /* PBXTargetDependency */ = {
			isa = PBXTargetDependency;
			target = BFC0716D1AE95A000093F0F0 /* WKImageCacheSample */;
			targetProxy = BFC071841AE95A000093F0F0 /* PBXContainerItemProxy */;
		};
/* End PBXTargetDependency section */

/* Begin PBXVariantGroup section */
		BFC071771AE95A000093F0F0 /* Main.storyboard */ = {
			isa = PBXVariantGroup;
			children = (
				BFC071781AE95A000093F0F0 /* Base */,
			);
			name = Main.storyboard;
			sourceTree = "<group>";
		};
		BFC0717C1AE95A000093F0F0 /* LaunchScreen.xib */ = {
			isa = PBXVariantGroup;
			children = (
				BFC0717D1AE95A000093F0F0 /* Base */,
			);
			name = LaunchScreen.xib;
			sourceTree = "<group>";
		};
/* End PBXVariantGroup section */

/* Begin XCBuildConfiguration section */
		BFC0718B1AE95A000093F0F0 /* Debug */ = {
			isa = XCBuildConfiguration;
			buildSettings = {
				ALWAYS_SEARCH_USER_PATHS = NO;
				CLANG_CXX_LANGUAGE_STANDARD = "gnu++0x";
				CLANG_CXX_LIBRARY = "libc++";
				CLANG_ENABLE_MODULES = YES;
				CLANG_ENABLE_OBJC_ARC = YES;
				CLANG_WARN_BOOL_CONVERSION = YES;
				CLANG_WARN_CONSTANT_CONVERSION = YES;
				CLANG_WARN_DIRECT_OBJC_ISA_USAGE = YES_ERROR;
				CLANG_WARN_EMPTY_BODY = YES;
				CLANG_WARN_ENUM_CONVERSION = YES;
				CLANG_WARN_INT_CONVERSION = YES;
				CLANG_WARN_OBJC_ROOT_CLASS = YES_ERROR;
				CLANG_WARN_UNREACHABLE_CODE = YES;
				CLANG_WARN__DUPLICATE_METHOD_MATCH = YES;
				"CODE_SIGN_IDENTITY[sdk=iphoneos*]" = "iPhone Developer";
				COPY_PHASE_STRIP = NO;
				DEBUG_INFORMATION_FORMAT = "dwarf-with-dsym";
				ENABLE_STRICT_OBJC_MSGSEND = YES;
				GCC_C_LANGUAGE_STANDARD = gnu99;
				GCC_DYNAMIC_NO_PIC = NO;
				GCC_NO_COMMON_BLOCKS = YES;
				GCC_OPTIMIZATION_LEVEL = 0;
				GCC_PREPROCESSOR_DEFINITIONS = (
					"DEBUG=1",
					"$(inherited)",
				);
				GCC_SYMBOLS_PRIVATE_EXTERN = NO;
				GCC_WARN_64_TO_32_BIT_CONVERSION = YES;
				GCC_WARN_ABOUT_RETURN_TYPE = YES_ERROR;
				GCC_WARN_UNDECLARED_SELECTOR = YES;
				GCC_WARN_UNINITIALIZED_AUTOS = YES_AGGRESSIVE;
				GCC_WARN_UNUSED_FUNCTION = YES;
				GCC_WARN_UNUSED_VARIABLE = YES;
				IPHONEOS_DEPLOYMENT_TARGET = 8.3;
				MTL_ENABLE_DEBUG_INFO = YES;
				ONLY_ACTIVE_ARCH = YES;
				SDKROOT = iphoneos;
				SWIFT_OPTIMIZATION_LEVEL = "-Onone";
			};
			name = Debug;
		};
		BFC0718C1AE95A000093F0F0 /* Release */ = {
			isa = XCBuildConfiguration;
			buildSettings = {
				ALWAYS_SEARCH_USER_PATHS = NO;
				CLANG_CXX_LANGUAGE_STANDARD = "gnu++0x";
				CLANG_CXX_LIBRARY = "libc++";
				CLANG_ENABLE_MODULES = YES;
				CLANG_ENABLE_OBJC_ARC = YES;
				CLANG_WARN_BOOL_CONVERSION = YES;
				CLANG_WARN_CONSTANT_CONVERSION = YES;
				CLANG_WARN_DIRECT_OBJC_ISA_USAGE = YES_ERROR;
				CLANG_WARN_EMPTY_BODY = YES;
				CLANG_WARN_ENUM_CONVERSION = YES;
				CLANG_WARN_INT_CONVERSION = YES;
				CLANG_WARN_OBJC_ROOT_CLASS = YES_ERROR;
				CLANG_WARN_UNREACHABLE_CODE = YES;
				CLANG_WARN__DUPLICATE_METHOD_MATCH = YES;
				"CODE_SIGN_IDENTITY[sdk=iphoneos*]" = "iPhone Developer";
				COPY_PHASE_STRIP = NO;
				DEBUG_INFORMATION_FORMAT = "dwarf-with-dsym";
				ENABLE_NS_ASSERTIONS = NO;
				ENABLE_STRICT_OBJC_MSGSEND = YES;
				GCC_C_LANGUAGE_STANDARD = gnu99;
				GCC_NO_COMMON_BLOCKS = YES;
				GCC_WARN_64_TO_32_BIT_CONVERSION = YES;
				GCC_WARN_ABOUT_RETURN_TYPE = YES_ERROR;
				GCC_WARN_UNDECLARED_SELECTOR = YES;
				GCC_WARN_UNINITIALIZED_AUTOS = YES_AGGRESSIVE;
				GCC_WARN_UNUSED_FUNCTION = YES;
				GCC_WARN_UNUSED_VARIABLE = YES;
				IPHONEOS_DEPLOYMENT_TARGET = 8.3;
				MTL_ENABLE_DEBUG_INFO = NO;
				SDKROOT = iphoneos;
				VALIDATE_PRODUCT = YES;
			};
			name = Release;
		};
		BFC0718E1AE95A000093F0F0 /* Debug */ = {
			isa = XCBuildConfiguration;
			buildSettings = {
				ASSETCATALOG_COMPILER_APPICON_NAME = AppIcon;
				INFOPLIST_FILE = WKImageCacheSample/Info.plist;
				LD_RUNPATH_SEARCH_PATHS = "$(inherited) @executable_path/Frameworks";
				PRODUCT_NAME = "$(TARGET_NAME)";
			};
			name = Debug;
		};
		BFC0718F1AE95A000093F0F0 /* Release */ = {
			isa = XCBuildConfiguration;
			buildSettings = {
				ASSETCATALOG_COMPILER_APPICON_NAME = AppIcon;
				INFOPLIST_FILE = WKImageCacheSample/Info.plist;
				LD_RUNPATH_SEARCH_PATHS = "$(inherited) @executable_path/Frameworks";
				PRODUCT_NAME = "$(TARGET_NAME)";
			};
			name = Release;
		};
		BFC071911AE95A000093F0F0 /* Debug */ = {
			isa = XCBuildConfiguration;
			buildSettings = {
				BUNDLE_LOADER = "$(TEST_HOST)";
				FRAMEWORK_SEARCH_PATHS = (
					"$(SDKROOT)/Developer/Library/Frameworks",
					"$(inherited)",
				);
				GCC_PREPROCESSOR_DEFINITIONS = (
					"DEBUG=1",
					"$(inherited)",
				);
				INFOPLIST_FILE = WKImageCacheSampleTests/Info.plist;
				LD_RUNPATH_SEARCH_PATHS = "$(inherited) @executable_path/Frameworks @loader_path/Frameworks";
				PRODUCT_NAME = "$(TARGET_NAME)";
				TEST_HOST = "$(BUILT_PRODUCTS_DIR)/WKImageCacheSample.app/WKImageCacheSample";
			};
			name = Debug;
		};
		BFC071921AE95A000093F0F0 /* Release */ = {
			isa = XCBuildConfiguration;
			buildSettings = {
				BUNDLE_LOADER = "$(TEST_HOST)";
				FRAMEWORK_SEARCH_PATHS = (
					"$(SDKROOT)/Developer/Library/Frameworks",
					"$(inherited)",
				);
				INFOPLIST_FILE = WKImageCacheSampleTests/Info.plist;
				LD_RUNPATH_SEARCH_PATHS = "$(inherited) @executable_path/Frameworks @loader_path/Frameworks";
				PRODUCT_NAME = "$(TARGET_NAME)";
				TEST_HOST = "$(BUILT_PRODUCTS_DIR)/WKImageCacheSample.app/WKImageCacheSample";
			};
			name = Release;
		};
/* End XCBuildConfiguration section */

/* Begin XCConfigurationList section */
		BFC071691AE95A000093F0F0 /* Build configuration list for PBXProject "WKImageCacheSample" */ = {
			isa = XCConfigurationList;
			buildConfigurations = (
				BFC0718B1AE95A000093F0F0 /* Debug */,
				BFC0718C1AE95A000093F0F0 /* Release */,
			);
			defaultConfigurationIsVisible = 0;
			defaultConfigurationName = Release;
		};
		BFC0718D1AE95A000093F0F0 /* Build configuration list for PBXNativeTarget "WKImageCacheSample" */ = {
			isa = XCConfigurationList;
			buildConfigurations = (
				BFC0718E1AE95A000093F0F0 /* Debug */,
				BFC0718F1AE95A000093F0F0 /* Release */,
			);
			defaultConfigurationIsVisible = 0;
		};
		BFC071901AE95A000093F0F0 /* Build configuration list for PBXNativeTarget "WKImageCacheSampleTests" */ = {
			isa = XCConfigurationList;
			buildConfigurations = (
				BFC071911AE95A000093F0F0 /* Debug */,
				BFC071921AE95A000093F0F0 /* Release */,
			);
			defaultConfigurationIsVisible = 0;
		};
/* End XCConfigurationList section */
	};
	rootObject = BFC071661AE95A000093F0F0 /* Project object */;
}
